
Microsoft Visual Studio Solution File, Format Version 12.00
# Visual Studio Version 16
VisualStudioVersion = 16.0.30804.86
MinimumVisualStudioVersion = 10.0.40219.1
Project("{8BC9CEB8-8B4A-11D0-8D11-00A0C91BC942}") = "ConsoleApplication1", "ConsoleApplication1\ConsoleApplication1.vcxproj", "{4EC4F45A-3CE5-432E-B49E-83CFB9313E36}"
EndProject
Project("{8BC9CEB8-8B4A-11D0-8D11-00A0C91BC942}") = "UnitTest1", "UnitTest1\UnitTest1.vcxproj", "{6A22CEB0-3E13-4B0C-A609-C70F3503E06A}"
EndProject
Global
	GlobalSection(SolutionConfigurationPlatforms) = preSolution
		Debug|x64 = Debug|x64
		Debug|x86 = Debug|x86
		Release|x64 = Release|x64
		Release|x86 = Release|x86
	EndGlobalSection
	GlobalSection(ProjectConfigurationPlatforms) = postSolution
		{4EC4F45A-3CE5-432E-B49E-83CFB9313E36}.Debug|x64.ActiveCfg = Debug|x64
		{4EC4F45A-3CE5-432E-B49E-83CFB9313E36}.Debug|x64.Build.0 = Debug|x64
		{4EC4F45A-3CE5-432E-B49E-83CFB9313E36}.Debug|x86.ActiveCfg = Debug|Win32
		{4EC4F45A-3CE5-432E-B49E-83CFB9313E36}.Debug|x86.Build.0 = Debug|Win32
		{4EC4F45A-3CE5-432E-B49E-83CFB9313E36}.Release|x64.ActiveCfg = Release|x64
		{4EC4F45A-3CE5-432E-B49E-83CFB9313E36}.Release|x64.Build.0 = Release|x64
		{4EC4F45A-3CE5-432E-B49E-83CFB9313E36}.Release|x86.ActiveCfg = Release|Win32
		{4EC4F45A-3CE5-432E-B49E-83CFB9313E36}.Release|x86.Build.0 = Release|Win32
		{6A22CEB0-3E13-4B0C-A609-C70F3503E06A}.Debug|x64.ActiveCfg = Debug|x64
		{6A22CEB0-3E13-4B0C-A609-C70F3503E06A}.Debug|x64.Build.0 = Debug|x64
		{6A22CEB0-3E13-4B0C-A609-C70F3503E06A}.Debug|x86.ActiveCfg = Debug|Win32
		{6A22CEB0-3E13-4B0C-A609-C70F3503E06A}.Debug|x86.Build.0 = Debug|Win32
		{6A22CEB0-3E13-4B0C-A609-C70F3503E06A}.Release|x64.ActiveCfg = Release|x64
		{6A22CEB0-3E13-4B0C-A609-C70F3503E06A}.Release|x64.Build.0 = Release|x64
		{6A22CEB0-3E13-4B0C-A609-C70F3503E06A}.Release|x86.ActiveCfg = Release|Win32
		{6A22CEB0-3E13-4B0C-A609-C70F3503E06A}.Release|x86.Build.0 = Release|Win32
	EndGlobalSection
	GlobalSection(SolutionProperties) = preSolution
		HideSolutionNode = FALSE
	EndGlobalSection
	GlobalSection(ExtensibilityGlobals) = postSolution
		SolutionGuid = {72FE9997-66B0-4A75-A20D-E223D86FF7EB}
	EndGlobalSection
EndGlobal
